
Microsoft Visual Studio Solution File, Format Version 12.00
# Visual Studio Version 17
VisualStudioVersion = 17.13.35825.156 d17.13
MinimumVisualStudioVersion = 10.0.40219.1
Project("{FAE04EC0-301F-11D3-BF4B-00C04F79EFBC}") = "MethodClassSubmissionAssignment", "MethodClassSubmissionAssignment\MethodClassSubmissionAssignment.csproj", "{0EF00284-18CE-491C-90CA-04CC36F20700}"
EndProject
Global
	GlobalSection(SolutionConfigurationPlatforms) = preSolution
		Debug|Any CPU = Debug|Any CPU
		Release|Any CPU = Release|Any CPU
	EndGlobalSection
	GlobalSection(ProjectConfigurationPlatforms) = postSolution
		{0EF00284-18CE-491C-90CA-04CC36F20700}.Debug|Any CPU.ActiveCfg = Debug|Any CPU
		{0EF00284-18CE-491C-90CA-04CC36F20700}.Debug|Any CPU.Build.0 = Debug|Any CPU
		{0EF00284-18CE-491C-90CA-04CC36F20700}.Release|Any CPU.ActiveCfg = Release|Any CPU
		{0EF00284-18CE-491C-90CA-04CC36F20700}.Release|Any CPU.Build.0 = Release|Any CPU
	EndGlobalSection
	GlobalSection(SolutionProperties) = preSolution
		HideSolutionNode = FALSE
	EndGlobalSection
	GlobalSection(ExtensibilityGlobals) = postSolution
		SolutionGuid = {8F5D9AFF-E37C-4E72-8C75-0A604752BE17}
	EndGlobalSection
EndGlobal
