
Microsoft Visual Studio Solution File, Format Version 12.00
# Visual Studio Version 17
VisualStudioVersion = 17.13.35825.156 d17.13
MinimumVisualStudioVersion = 10.0.40219.1
Project("{FAE04EC0-301F-11D3-BF4B-00C04F79EFBC}") = "InsuranceQualified", "InsuranceQualified\InsuranceQualified.csproj", "{1BCE3C6B-5C90-43CD-B8E5-F84B024A158C}"
EndProject
Global
	GlobalSection(SolutionConfigurationPlatforms) = preSolution
		Debug|Any CPU = Debug|Any CPU
		Release|Any CPU = Release|Any CPU
	EndGlobalSection
	GlobalSection(ProjectConfigurationPlatforms) = postSolution
		{1BCE3C6B-5C90-43CD-B8E5-F84B024A158C}.Debug|Any CPU.ActiveCfg = Debug|Any CPU
		{1BCE3C6B-5C90-43CD-B8E5-F84B024A158C}.Debug|Any CPU.Build.0 = Debug|Any CPU
		{1BCE3C6B-5C90-43CD-B8E5-F84B024A158C}.Release|Any CPU.ActiveCfg = Release|Any CPU
		{1BCE3C6B-5C90-43CD-B8E5-F84B024A158C}.Release|Any CPU.Build.0 = Release|Any CPU
	EndGlobalSection
	GlobalSection(SolutionProperties) = preSolution
		HideSolutionNode = FALSE
	EndGlobalSection
	GlobalSection(ExtensibilityGlobals) = postSolution
		SolutionGuid = {2B771AA0-0F37-4CC2-9A26-75F62174C0B6}
	EndGlobalSection
EndGlobal
