
Microsoft Visual Studio Solution File, Format Version 12.00
# Visual Studio Version 17
VisualStudioVersion = 17.13.35825.156 d17.13
MinimumVisualStudioVersion = 10.0.40219.1
Project("{FAE04EC0-301F-11D3-BF4B-00C04F79EFBC}") = "OptionalParameter", "OptionalParameter\OptionalParameter.csproj", "{878CD2CD-6667-4958-8C8A-E6D02C9DAEA2}"
EndProject
Global
	GlobalSection(SolutionConfigurationPlatforms) = preSolution
		Debug|Any CPU = Debug|Any CPU
		Release|Any CPU = Release|Any CPU
	EndGlobalSection
	GlobalSection(ProjectConfigurationPlatforms) = postSolution
		{878CD2CD-6667-4958-8C8A-E6D02C9DAEA2}.Debug|Any CPU.ActiveCfg = Debug|Any CPU
		{878CD2CD-6667-4958-8C8A-E6D02C9DAEA2}.Debug|Any CPU.Build.0 = Debug|Any CPU
		{878CD2CD-6667-4958-8C8A-E6D02C9DAEA2}.Release|Any CPU.ActiveCfg = Release|Any CPU
		{878CD2CD-6667-4958-8C8A-E6D02C9DAEA2}.Release|Any CPU.Build.0 = Release|Any CPU
	EndGlobalSection
	GlobalSection(SolutionProperties) = preSolution
		HideSolutionNode = FALSE
	EndGlobalSection
	GlobalSection(ExtensibilityGlobals) = postSolution
		SolutionGuid = {1E5A6522-0EC7-4BC5-9092-45837D4365AE}
	EndGlobalSection
EndGlobal
