
Microsoft Visual Studio Solution File, Format Version 12.00
# Visual Studio Version 17
VisualStudioVersion = 17.13.35825.156 d17.13
MinimumVisualStudioVersion = 10.0.40219.1
Project("{FAE04EC0-301F-11D3-BF4B-00C04F79EFBC}") = "ExceptionHandling", "ExceptionHandling\ExceptionHandling.csproj", "{806CC003-A9EC-4EEA-9CB5-A0943E3E9EC9}"
EndProject
Global
	GlobalSection(SolutionConfigurationPlatforms) = preSolution
		Debug|Any CPU = Debug|Any CPU
		Release|Any CPU = Release|Any CPU
	EndGlobalSection
	GlobalSection(ProjectConfigurationPlatforms) = postSolution
		{806CC003-A9EC-4EEA-9CB5-A0943E3E9EC9}.Debug|Any CPU.ActiveCfg = Debug|Any CPU
		{806CC003-A9EC-4EEA-9CB5-A0943E3E9EC9}.Debug|Any CPU.Build.0 = Debug|Any CPU
		{806CC003-A9EC-4EEA-9CB5-A0943E3E9EC9}.Release|Any CPU.ActiveCfg = Release|Any CPU
		{806CC003-A9EC-4EEA-9CB5-A0943E3E9EC9}.Release|Any CPU.Build.0 = Release|Any CPU
	EndGlobalSection
	GlobalSection(SolutionProperties) = preSolution
		HideSolutionNode = FALSE
	EndGlobalSection
	GlobalSection(ExtensibilityGlobals) = postSolution
		SolutionGuid = {B25C0ED0-2FFB-4BD5-AEDA-5842BE120374}
	EndGlobalSection
EndGlobal
